
Microsoft Visual Studio Solution File, Format Version 12.00
# Visual Studio Version 16
VisualStudioVersion = 16.0.32510.428
MinimumVisualStudioVersion = 10.0.40219.1
Project("{FAE04EC0-301F-11D3-BF4B-00C04F79EFBC}") = "CalculatorHtmlCssJs", "CalculatorHtmlCssJs\CalculatorHtmlCssJs.csproj", "{4C5E6DDE-BA6B-4579-9FD1-A22EFAE18D0D}"
EndProject
Global
	GlobalSection(SolutionConfigurationPlatforms) = preSolution
		Debug|Any CPU = Debug|Any CPU
		Release|Any CPU = Release|Any CPU
	EndGlobalSection
	GlobalSection(ProjectConfigurationPlatforms) = postSolution
		{4C5E6DDE-BA6B-4579-9FD1-A22EFAE18D0D}.Debug|Any CPU.ActiveCfg = Debug|Any CPU
		{4C5E6DDE-BA6B-4579-9FD1-A22EFAE18D0D}.Debug|Any CPU.Build.0 = Debug|Any CPU
		{4C5E6DDE-BA6B-4579-9FD1-A22EFAE18D0D}.Release|Any CPU.ActiveCfg = Release|Any CPU
		{4C5E6DDE-BA6B-4579-9FD1-A22EFAE18D0D}.Release|Any CPU.Build.0 = Release|Any CPU
	EndGlobalSection
	GlobalSection(SolutionProperties) = preSolution
		HideSolutionNode = FALSE
	EndGlobalSection
	GlobalSection(ExtensibilityGlobals) = postSolution
		SolutionGuid = {00EDFE2F-60AB-40C1-91A2-5F66A7FFF33D}
	EndGlobalSection
EndGlobal
